
Microsoft Visual Studio Solution File, Format Version 12.00
# Visual Studio Version 16
VisualStudioVersion = 16.0.29201.188
MinimumVisualStudioVersion = 10.0.40219.1
Project("{9A19103F-16F7-4668-BE54-9A1E7A4F7556}") = "GrandstreamClient", "GrandstreamClient\GrandstreamClient.csproj", "{02274136-8067-40F2-8547-28C7AD160DEB}"
EndProject
Project("{FAE04EC0-301F-11D3-BF4B-00C04F79EFBC}") = "CDRRealTimeServer", "CDRRealTimeServer\CDRRealTimeServer.csproj", "{2DB4B63F-19E3-4184-8CA9-8AF192369043}"
EndProject
Global
	GlobalSection(SolutionConfigurationPlatforms) = preSolution
		Debug|Any CPU = Debug|Any CPU
		Release|Any CPU = Release|Any CPU
	EndGlobalSection
	GlobalSection(ProjectConfigurationPlatforms) = postSolution
		{02274136-8067-40F2-8547-28C7AD160DEB}.Debug|Any CPU.ActiveCfg = Debug|Any CPU
		{02274136-8067-40F2-8547-28C7AD160DEB}.Debug|Any CPU.Build.0 = Debug|Any CPU
		{02274136-8067-40F2-8547-28C7AD160DEB}.Release|Any CPU.ActiveCfg = Release|Any CPU
		{02274136-8067-40F2-8547-28C7AD160DEB}.Release|Any CPU.Build.0 = Release|Any CPU
		{2DB4B63F-19E3-4184-8CA9-8AF192369043}.Debug|Any CPU.ActiveCfg = Debug|Any CPU
		{2DB4B63F-19E3-4184-8CA9-8AF192369043}.Debug|Any CPU.Build.0 = Debug|Any CPU
		{2DB4B63F-19E3-4184-8CA9-8AF192369043}.Release|Any CPU.ActiveCfg = Release|Any CPU
		{2DB4B63F-19E3-4184-8CA9-8AF192369043}.Release|Any CPU.Build.0 = Release|Any CPU
	EndGlobalSection
	GlobalSection(SolutionProperties) = preSolution
		HideSolutionNode = FALSE
	EndGlobalSection
	GlobalSection(ExtensibilityGlobals) = postSolution
		SolutionGuid = {C01A98C1-A4DC-4617-8852-4EEE073FE62E}
	EndGlobalSection
EndGlobal
